{
  "nodes": {
    "btop-theme": {
      "flake": false,
      "locked": {
        "lastModified": 1664239314,
        "narHash": "sha256-ovVtupO5jWUw6cwA3xEzRe1juUB8ykfarMRVTglx3mk=",
        "owner": "catppuccin",
        "repo": "btop",
        "rev": "ecb8562bb6181bb9f2285c360bbafeb383249ec3",
        "type": "github"
      },
      "original": {
        "owner": "catppuccin",
        "repo": "btop",
        "type": "github"
      }
    },
    "crane": {
      "inputs": {
        "flake-compat": "flake-compat",
        "flake-utils": "flake-utils",
        "nixpkgs": [
          "nixpkgs"
        ],
        "rust-overlay": "rust-overlay"
      },
      "locked": {
        "lastModified": 1672095661,
        "narHash": "sha256-7NTsdCn3qsvU7A+1/7tY8pxbq0DYy1pFYNpzN6he9lI=",
        "owner": "ipetkov",
        "repo": "crane",
        "rev": "98894bb39b03bfb379c5e10523cd61160e1ac782",
        "type": "github"
      },
      "original": {
        "owner": "ipetkov",
        "repo": "crane",
        "type": "github"
      }
    },
    "crane_2": {
      "inputs": {
        "flake-compat": "flake-compat_2",
        "flake-utils": "flake-utils_3",
        "nixpkgs": [
          "nixpkgs-f2k",
          "nixpkgs"
        ],
        "rust-overlay": "rust-overlay_2"
      },
      "locked": {
        "lastModified": 1672095661,
        "narHash": "sha256-7NTsdCn3qsvU7A+1/7tY8pxbq0DYy1pFYNpzN6he9lI=",
        "owner": "ipetkov",
        "repo": "crane",
        "rev": "98894bb39b03bfb379c5e10523cd61160e1ac782",
        "type": "github"
      },
      "original": {
        "owner": "ipetkov",
        "repo": "crane",
        "type": "github"
      }
    },
    "fenix": {
      "inputs": {
        "nixpkgs": [
          "nixpkgs-f2k",
          "nixpkgs-fmt",
          "nixpkgs"
        ],
        "rust-analyzer-src": "rust-analyzer-src"
      },
      "locked": {
        "lastModified": 1637475807,
        "narHash": "sha256-E3nzOvlzZXwyo8Stp5upKsTCDcqUTYAFj4EC060A31c=",
        "owner": "nix-community",
        "repo": "fenix",
        "rev": "960e7fef45692a4fffc6df6d6b613b0399bbdfd5",
        "type": "github"
      },
      "original": {
        "owner": "nix-community",
        "repo": "fenix",
        "type": "github"
      }
    },
    "flake-compat": {
      "flake": false,
      "locked": {
        "lastModified": 1668681692,
        "narHash": "sha256-Ht91NGdewz8IQLtWZ9LCeNXMSXHUss+9COoqu6JLmXU=",
        "owner": "edolstra",
        "repo": "flake-compat",
        "rev": "009399224d5e398d03b22badca40a37ac85412a1",
        "type": "github"
      },
      "original": {
        "owner": "edolstra",
        "repo": "flake-compat",
        "type": "github"
      }
    },
    "flake-compat_2": {
      "flake": false,
      "locked": {
        "lastModified": 1668681692,
        "narHash": "sha256-Ht91NGdewz8IQLtWZ9LCeNXMSXHUss+9COoqu6JLmXU=",
        "owner": "edolstra",
        "repo": "flake-compat",
        "rev": "009399224d5e398d03b22badca40a37ac85412a1",
        "type": "github"
      },
      "original": {
        "owner": "edolstra",
        "repo": "flake-compat",
        "type": "github"
      }
    },
    "flake-compat_3": {
      "flake": false,
      "locked": {
        "lastModified": 1668681692,
        "narHash": "sha256-Ht91NGdewz8IQLtWZ9LCeNXMSXHUss+9COoqu6JLmXU=",
        "owner": "edolstra",
        "repo": "flake-compat",
        "rev": "009399224d5e398d03b22badca40a37ac85412a1",
        "type": "github"
      },
      "original": {
        "owner": "edolstra",
        "repo": "flake-compat",
        "type": "github"
      }
    },
    "flake-parts": {
      "inputs": {
        "nixpkgs-lib": [
          "nixpkgs-wayland",
          "nix-eval-jobs",
          "nixpkgs"
        ]
      },
      "locked": {
        "lastModified": 1672616755,
        "narHash": "sha256-dvwU2ORLpiP6ZMXL3CJ/qrqmtLBLF6VAc+Fois7Qfew=",
        "owner": "hercules-ci",
        "repo": "flake-parts",
        "rev": "87673d7c13a799d95ce25ff5dc7b9e15f01af2ea",
        "type": "github"
      },
      "original": {
        "owner": "hercules-ci",
        "repo": "flake-parts",
        "type": "github"
      }
    },
    "flake-utils": {
      "locked": {
        "lastModified": 1667395993,
        "narHash": "sha256-nuEHfE/LcWyuSWnS8t12N1wc105Qtau+/OdUAjtQ0rA=",
        "owner": "numtide",
        "repo": "flake-utils",
        "rev": "5aed5285a952e0b949eb3ba02c12fa4fcfef535f",
        "type": "github"
      },
      "original": {
        "owner": "numtide",
        "repo": "flake-utils",
        "type": "github"
      }
    },
    "flake-utils_2": {
      "locked": {
        "lastModified": 1667395993,
        "narHash": "sha256-nuEHfE/LcWyuSWnS8t12N1wc105Qtau+/OdUAjtQ0rA=",
        "owner": "numtide",
        "repo": "flake-utils",
        "rev": "5aed5285a952e0b949eb3ba02c12fa4fcfef535f",
        "type": "github"
      },
      "original": {
        "owner": "numtide",
        "repo": "flake-utils",
        "type": "github"
      }
    },
    "flake-utils_3": {
      "locked": {
        "lastModified": 1667395993,
        "narHash": "sha256-nuEHfE/LcWyuSWnS8t12N1wc105Qtau+/OdUAjtQ0rA=",
        "owner": "numtide",
        "repo": "flake-utils",
        "rev": "5aed5285a952e0b949eb3ba02c12fa4fcfef535f",
        "type": "github"
      },
      "original": {
        "owner": "numtide",
        "repo": "flake-utils",
        "type": "github"
      }
    },
    "flake-utils_4": {
      "locked": {
        "lastModified": 1637014545,
        "narHash": "sha256-26IZAc5yzlD9FlDT54io1oqG/bBoyka+FJk5guaX4x4=",
        "owner": "numtide",
        "repo": "flake-utils",
        "rev": "bba5dcc8e0b20ab664967ad83d24d64cb64ec4f4",
        "type": "github"
      },
      "original": {
        "owner": "numtide",
        "repo": "flake-utils",
        "type": "github"
      }
    },
    "flake-utils_5": {
      "locked": {
        "lastModified": 1667395993,
        "narHash": "sha256-nuEHfE/LcWyuSWnS8t12N1wc105Qtau+/OdUAjtQ0rA=",
        "owner": "numtide",
        "repo": "flake-utils",
        "rev": "5aed5285a952e0b949eb3ba02c12fa4fcfef535f",
        "type": "github"
      },
      "original": {
        "owner": "numtide",
        "repo": "flake-utils",
        "type": "github"
      }
    },
    "grub-theme": {
      "flake": false,
      "locked": {
        "lastModified": 1672329233,
        "narHash": "sha256-/bSolCta8GCZ4lP0u5NVqYQ9Y3ZooYCNdTwORNvR7M0=",
        "owner": "catppuccin",
        "repo": "grub",
        "rev": "803c5df0e83aba61668777bb96d90ab8f6847106",
        "type": "github"
      },
      "original": {
        "owner": "catppuccin",
        "repo": "grub",
        "type": "github"
      }
    },
    "home-manager": {
      "inputs": {
        "nixpkgs": [
          "nixpkgs"
        ],
        "utils": "utils"
      },
      "locked": {
        "lastModified": 1672780900,
        "narHash": "sha256-DxuSn6BdkZapIbg76xzYx1KhVPEZeBexMkt1q/sMVPA=",
        "owner": "nix-community",
        "repo": "home-manager",
        "rev": "54245e1820caabd8a0b53ce4d47e4d0fefe04cd4",
        "type": "github"
      },
      "original": {
        "owner": "nix-community",
        "repo": "home-manager",
        "type": "github"
      }
    },
    "hyprland": {
      "inputs": {
        "hyprland-protocols": "hyprland-protocols",
        "nixpkgs": [
          "nixpkgs"
        ],
        "wlroots": "wlroots",
        "xdph": "xdph"
      },
      "locked": {
        "lastModified": 1672757503,
        "narHash": "sha256-2MKfXQ9f2GUYEt+Yht/Qp5JpkamRu5pqRGX0HVwe13Q=",
        "owner": "hyprwm",
        "repo": "Hyprland",
        "rev": "0e3547e0f6b4016aa308292a86c43cd47dd206fd",
        "type": "github"
      },
      "original": {
        "owner": "hyprwm",
        "repo": "Hyprland",
        "type": "github"
      }
    },
    "hyprland-protocols": {
      "flake": false,
      "locked": {
        "lastModified": 1670703428,
        "narHash": "sha256-4KUW5SKR0Y9uaYGcYwy53YJ3B/sgiprCL4fRGO+mpOA=",
        "owner": "hyprwm",
        "repo": "hyprland-protocols",
        "rev": "d0d6db8cb5bef6d93ca3ad8fb2124964173396da",
        "type": "github"
      },
      "original": {
        "owner": "hyprwm",
        "repo": "hyprland-protocols",
        "type": "github"
      }
    },
    "hyprland-protocols_2": {
      "flake": false,
      "locked": {
        "lastModified": 1670703428,
        "narHash": "sha256-4KUW5SKR0Y9uaYGcYwy53YJ3B/sgiprCL4fRGO+mpOA=",
        "owner": "hyprwm",
        "repo": "hyprland-protocols",
        "rev": "d0d6db8cb5bef6d93ca3ad8fb2124964173396da",
        "type": "github"
      },
      "original": {
        "owner": "hyprwm",
        "repo": "hyprland-protocols",
        "type": "github"
      }
    },
    "hyprland-protocols_3": {
      "flake": false,
      "locked": {
        "lastModified": 1670703428,
        "narHash": "sha256-4KUW5SKR0Y9uaYGcYwy53YJ3B/sgiprCL4fRGO+mpOA=",
        "owner": "hyprwm",
        "repo": "hyprland-protocols",
        "rev": "d0d6db8cb5bef6d93ca3ad8fb2124964173396da",
        "type": "github"
      },
      "original": {
        "owner": "hyprwm",
        "repo": "hyprland-protocols",
        "type": "github"
      }
    },
    "lib-aggregate": {
      "inputs": {
        "flake-utils": "flake-utils_5",
        "nixpkgs-lib": "nixpkgs-lib"
      },
      "locked": {
        "lastModified": 1672574907,
        "narHash": "sha256-aCe0NkUhmuuFabjxWqg43vlGxQ8LdmnFI43YbERT9fw=",
        "owner": "nix-community",
        "repo": "lib-aggregate",
        "rev": "cd191adffb1db78a8325c0bc484ea96243799851",
        "type": "github"
      },
      "original": {
        "owner": "nix-community",
        "repo": "lib-aggregate",
        "type": "github"
      }
    },
    "nix-eval-jobs": {
      "inputs": {
        "flake-parts": "flake-parts",
        "nixpkgs": [
          "nixpkgs-wayland",
          "nixpkgs"
        ]
      },
      "locked": {
        "lastModified": 1672656797,
        "narHash": "sha256-bKjiDDVAslQttyQlibweHj5wT3rfx/7svzVEea0s9X4=",
        "owner": "nix-community",
        "repo": "nix-eval-jobs",
        "rev": "b56eb217c17502380775ea1c0d936bcb17bcb39f",
        "type": "github"
      },
      "original": {
        "owner": "nix-community",
        "repo": "nix-eval-jobs",
        "type": "github"
      }
    },
    "nixpkgs": {
      "locked": {
        "lastModified": 1672617983,
        "narHash": "sha256-68WDiCBs631mbDDk4UAKdGURKcsfW6hjb7wgudTAe5o=",
        "owner": "NixOS",
        "repo": "nixpkgs",
        "rev": "0fc9fca9c8d43edd79d33fea0dd8409d7c4580f4",
        "type": "github"
      },
      "original": {
        "id": "nixpkgs",
        "ref": "nixos-unstable",
        "type": "indirect"
      }
    },
    "nixpkgs-f2k": {
      "inputs": {
        "crane": "crane_2",
        "nixpkgs": "nixpkgs_2",
        "nixpkgs-fmt": "nixpkgs-fmt",
        "river-src": "river-src",
        "wezterm-src": "wezterm-src"
      },
      "locked": {
        "lastModified": 1672713623,
        "narHash": "sha256-RRigjkKA6uSbFRWZPiOeHVfs0bZEMgsqd694f8uAHoI=",
        "owner": "fortuneteller2k",
        "repo": "nixpkgs-f2k",
        "rev": "4c364db056ee8c039e17dac9a46d9b5b55a372d4",
        "type": "github"
      },
      "original": {
        "owner": "fortuneteller2k",
        "repo": "nixpkgs-f2k",
        "type": "github"
      }
    },
    "nixpkgs-fmt": {
      "inputs": {
        "fenix": "fenix",
        "flake-utils": "flake-utils_4",
        "nixpkgs": [
          "nixpkgs-f2k",
          "nixpkgs"
        ]
      },
      "locked": {
        "lastModified": 1667229616,
        "narHash": "sha256-FZXQ7r1acO7s8v8kzUug1vamZ4T0kPqTmYM2ncuqM/s=",
        "owner": "nix-community",
        "repo": "nixpkgs-fmt",
        "rev": "cddd029dea02942fe2e1d15bc5fef71c8a3acbfd",
        "type": "github"
      },
      "original": {
        "owner": "nix-community",
        "repo": "nixpkgs-fmt",
        "type": "github"
      }
    },
    "nixpkgs-lib": {
      "locked": {
        "lastModified": 1672534360,
        "narHash": "sha256-4r25ZnSyGM3wSuXhAMzROTIvIEqPwAx/L9hjbXDJB2c=",
        "owner": "nix-community",
        "repo": "nixpkgs.lib",
        "rev": "360b002d33d735931db40cdd5ddb4f9ba4ba5804",
        "type": "github"
      },
      "original": {
        "owner": "nix-community",
        "repo": "nixpkgs.lib",
        "type": "github"
      }
    },
    "nixpkgs-wayland": {
      "inputs": {
        "flake-compat": "flake-compat_3",
        "lib-aggregate": "lib-aggregate",
        "nix-eval-jobs": "nix-eval-jobs",
        "nixpkgs": [
          "nixpkgs"
        ]
      },
      "locked": {
        "lastModified": 1672781771,
        "narHash": "sha256-WLHOQki6t7NjRbqvCkp69o5n+mUDK9Z+pMeuBIUamY4=",
        "owner": "nix-community",
        "repo": "nixpkgs-wayland",
        "rev": "ec1e705bc217459054c7bc8183cf4f0aa18745ce",
        "type": "github"
      },
      "original": {
        "owner": "nix-community",
        "repo": "nixpkgs-wayland",
        "type": "github"
      }
    },
    "nixpkgs_2": {
      "locked": {
        "lastModified": 1672713550,
        "narHash": "sha256-swN2rxBe5FC7xRPf/q18ckCotn3Yg6NNHbYF4qdt/cU=",
        "owner": "NixOS",
        "repo": "nixpkgs",
        "rev": "3302bc3ddda5b1f72f7382b259d25856ed763a5e",
        "type": "github"
      },
      "original": {
        "owner": "NixOS",
        "ref": "master",
        "repo": "nixpkgs",
        "type": "github"
      }
    },
    "nur": {
      "locked": {
        "lastModified": 1672778726,
        "narHash": "sha256-kKeVLCGwebbbAX9RYST95c7+OPPs2ph9nfon7sXaY5Y=",
        "owner": "nix-community",
        "repo": "NUR",
        "rev": "c0e86b84e3118edb48ace8fbef71d04ee3f0538a",
        "type": "github"
      },
      "original": {
        "owner": "nix-community",
        "repo": "NUR",
        "type": "github"
      }
    },
    "nyoom-src": {
      "flake": false,
      "locked": {
        "lastModified": 1672853223,
        "narHash": "sha256-2NgVbWaNQBzI7j4coxfjngASTgY9OnaSDa4ARY3wyGw=",
        "owner": "nyoom-engineering",
        "repo": "nyoom.nvim",
        "rev": "83f04131319cbf0ef0b123e34e7f9c87a0448042",
        "type": "github"
      },
      "original": {
        "owner": "nyoom-engineering",
        "repo": "nyoom.nvim",
        "type": "github"
      }
    },
    "river-src": {
      "flake": false,
      "locked": {
        "lastModified": 1672620916,
        "narHash": "sha256-BALKU8wuIjSsFPpEzmcI3IebFMgQKsHCrsJBcbBN6wk=",
        "ref": "refs/heads/master",
        "rev": "e49db7682c982f92d5f780e01f5fd4c952d8112f",
        "revCount": 922,
        "submodules": true,
        "type": "git",
        "url": "https://github.com/riverwm/river.git"
      },
      "original": {
        "submodules": true,
        "type": "git",
        "url": "https://github.com/riverwm/river.git"
      }
    },
    "root": {
      "inputs": {
        "btop-theme": "btop-theme",
        "crane": "crane",
        "flake-utils": "flake-utils_2",
        "grub-theme": "grub-theme",
        "home-manager": "home-manager",
        "hyprland": "hyprland",
        "nixpkgs": "nixpkgs",
        "nixpkgs-f2k": "nixpkgs-f2k",
        "nixpkgs-wayland": "nixpkgs-wayland",
        "nur": "nur",
        "nyoom-src": "nyoom-src",
        "swww-src": "swww-src",
        "xdg-desktop-portal-hyprland": "xdg-desktop-portal-hyprland",
        "xresources": "xresources"
      }
    },
    "rust-analyzer-src": {
      "flake": false,
      "locked": {
        "lastModified": 1637439871,
        "narHash": "sha256-2awQ/obzl7zqYgLwbQL0zT58gN8Xq7n+81GcMiS595I=",
        "owner": "rust-analyzer",
        "repo": "rust-analyzer",
        "rev": "4566414789310acb2617543f4b50beab4bb48e06",
        "type": "github"
      },
      "original": {
        "owner": "rust-analyzer",
        "ref": "nightly",
        "repo": "rust-analyzer",
        "type": "github"
      }
    },
    "rust-overlay": {
      "inputs": {
        "flake-utils": [
          "crane",
          "flake-utils"
        ],
        "nixpkgs": [
          "crane",
          "nixpkgs"
        ]
      },
      "locked": {
        "lastModified": 1670034122,
        "narHash": "sha256-EqmuOKucPWtMvCZtHraHr3Q3bgVszq1x2PoZtQkUuEk=",
        "owner": "oxalica",
        "repo": "rust-overlay",
        "rev": "a0d5773275ecd4f141d792d3a0376277c0fc0b65",
        "type": "github"
      },
      "original": {
        "owner": "oxalica",
        "repo": "rust-overlay",
        "type": "github"
      }
    },
    "rust-overlay_2": {
      "inputs": {
        "flake-utils": [
          "nixpkgs-f2k",
          "crane",
          "flake-utils"
        ],
        "nixpkgs": [
          "nixpkgs-f2k",
          "crane",
          "nixpkgs"
        ]
      },
      "locked": {
        "lastModified": 1670034122,
        "narHash": "sha256-EqmuOKucPWtMvCZtHraHr3Q3bgVszq1x2PoZtQkUuEk=",
        "owner": "oxalica",
        "repo": "rust-overlay",
        "rev": "a0d5773275ecd4f141d792d3a0376277c0fc0b65",
        "type": "github"
      },
      "original": {
        "owner": "oxalica",
        "repo": "rust-overlay",
        "type": "github"
      }
    },
    "swww-src": {
      "flake": false,
      "locked": {
        "lastModified": 1671370311,
        "narHash": "sha256-+xSFrL5BbgtHsED2xADwpqS40ceMMPhT5run4KMoLHM=",
        "owner": "Horus645",
        "repo": "swww",
        "rev": "a5abb25243161928b05e621691b2874e90086cd1",
        "type": "github"
      },
      "original": {
        "owner": "Horus645",
        "repo": "swww",
        "type": "github"
      }
    },
    "utils": {
      "locked": {
        "lastModified": 1667395993,
        "narHash": "sha256-nuEHfE/LcWyuSWnS8t12N1wc105Qtau+/OdUAjtQ0rA=",
        "owner": "numtide",
        "repo": "flake-utils",
        "rev": "5aed5285a952e0b949eb3ba02c12fa4fcfef535f",
        "type": "github"
      },
      "original": {
        "owner": "numtide",
        "repo": "flake-utils",
        "type": "github"
      }
    },
    "wezterm-src": {
      "flake": false,
      "locked": {
        "lastModified": 1672703474,
        "narHash": "sha256-dbuqSDa3QII/4PiRFXHo1/tlHqCqV+N+LZiyCEDO5a0=",
        "ref": "main",
        "rev": "67896f67f5b14c0361b5364b0e3b2f75d70b3f8d",
        "revCount": 6569,
        "submodules": true,
        "type": "git",
        "url": "https://github.com/wez/wezterm.git"
      },
      "original": {
        "ref": "main",
        "submodules": true,
        "type": "git",
        "url": "https://github.com/wez/wezterm.git"
      }
    },
    "wlroots": {
      "flake": false,
      "locked": {
        "host": "gitlab.freedesktop.org",
        "lastModified": 1671723353,
        "narHash": "sha256-G1jiI0SA7eiZusO+iJytErMRNbKbwqJJJGL+sNoBNoQ=",
        "owner": "wlroots",
        "repo": "wlroots",
        "rev": "b28a9afd4b0b86e9a66a40f6b44b69f59947b7d6",
        "type": "gitlab"
      },
      "original": {
        "host": "gitlab.freedesktop.org",
        "owner": "wlroots",
        "repo": "wlroots",
        "type": "gitlab"
      }
    },
    "xdg-desktop-portal-hyprland": {
      "inputs": {
        "hyprland-protocols": "hyprland-protocols_3",
        "nixpkgs": [
          "nixpkgs"
        ]
      },
      "locked": {
        "lastModified": 1671837878,
        "narHash": "sha256-OmFDyktTc/l+3wHboHeFpAQgPt3r7jjqZf8MrwuUGMo=",
        "owner": "hyprwm",
        "repo": "xdg-desktop-portal-hyprland",
        "rev": "e47f4cec698080768821b271510985ab94a37e91",
        "type": "github"
      },
      "original": {
        "owner": "hyprwm",
        "repo": "xdg-desktop-portal-hyprland",
        "type": "github"
      }
    },
    "xdph": {
      "inputs": {
        "hyprland-protocols": "hyprland-protocols_2",
        "nixpkgs": [
          "hyprland",
          "nixpkgs"
        ]
      },
      "locked": {
        "lastModified": 1671837878,
        "narHash": "sha256-OmFDyktTc/l+3wHboHeFpAQgPt3r7jjqZf8MrwuUGMo=",
        "owner": "hyprwm",
        "repo": "xdg-desktop-portal-hyprland",
        "rev": "e47f4cec698080768821b271510985ab94a37e91",
        "type": "github"
      },
      "original": {
        "owner": "hyprwm",
        "repo": "xdg-desktop-portal-hyprland",
        "type": "github"
      }
    },
    "xresources": {
      "flake": false,
      "locked": {
        "lastModified": 1665544626,
        "narHash": "sha256-irRQPjvcTH6AUC07Sm2l77CkrZQNHNJXxBDBSIhl1Fg=",
        "owner": "catppuccin",
        "repo": "xresources",
        "rev": "d82c02323e05158ad35f302771e3695affafab78",
        "type": "github"
      },
      "original": {
        "owner": "catppuccin",
        "repo": "xresources",
        "type": "github"
      }
    }
  },
  "root": "root",
  "version": 7
}
